
Microsoft Visual Studio Solution File, Format Version 12.00
# Visual Studio Version 16
VisualStudioVersion = 25.0.1700.1
MinimumVisualStudioVersion = 10.0.40219.1
Project("{FAE04EC0-301F-11D3-BF4B-00C04F79EFBC}") = "01_tiposSimples", "01_tiposSimples\01_tiposSimples.csproj", "{7339FD3B-E518-4F85-956A-F0EEC22A1B64}"
EndProject
Project("{FAE04EC0-301F-11D3-BF4B-00C04F79EFBC}") = "02_lectura_desde_pantalla", "02_lectura_desde_pantalla\02_lectura_desde_pantalla.csproj", "{18A84969-4C38-4AAD-8111-74926A5D87A7}"
EndProject
Project("{FAE04EC0-301F-11D3-BF4B-00C04F79EFBC}") = "04_calculadoraGrados", "04_calculadoraGrados\04_calculadoraGrados.csproj", "{769187C0-9EF2-47A1-ACE1-9A900BAC972F}"
EndProject
Project("{FAE04EC0-301F-11D3-BF4B-00C04F79EFBC}") = "05_estructuras_control", "05_estructuras\05_estructuras_control.csproj", "{BC376386-B51B-4662-BA98-8295680BF740}"
EndProject
Project("{FAE04EC0-301F-11D3-BF4B-00C04F79EFBC}") = "06_metodos_funciones", "06_metodos_funciones\06_metodos_funciones.csproj", "{03D2F9E3-FF85-461F-9BF0-2FB9FEEB0B1C}"
EndProject
Project("{FAE04EC0-301F-11D3-BF4B-00C04F79EFBC}") = "07_clases_y_objetos", "07_clases_y_objetos\07_clases_y_objetos.csproj", "{2DD493F9-C421-403B-A459-924E53EF82BC}"
EndProject
Project("{FAE04EC0-301F-11D3-BF4B-00C04F79EFBC}") = "08_ejercicio_clases", "08_ejercicio_clases\08_ejercicio_clases.csproj", "{242B3071-42D3-45C1-8A55-411BDE49C4EA}"
EndProject
Project("{FAE04EC0-301F-11D3-BF4B-00C04F79EFBC}") = "09_ejercicio_clases_y_herencias", "09_ejercicio_clases_y_herencias\09_ejercicio_clases_y_herencias.csproj", "{58518B5B-6659-456B-8C8C-03ECE58DBECD}"
EndProject
Project("{FAE04EC0-301F-11D3-BF4B-00C04F79EFBC}") = "10_ejercicioExtra", "10_ejercicioExtra\10_ejercicioExtra.csproj", "{68BBA6A8-D93D-454C-9FE1-2683FBED6706}"
EndProject
Project("{FAE04EC0-301F-11D3-BF4B-00C04F79EFBC}") = "11_interfaces", "11_interfaces\11_interfaces.csproj", "{0D0C845A-FF78-492A-BE4D-43EF07BDE349}"
EndProject
Project("{FAE04EC0-301F-11D3-BF4B-00C04F79EFBC}") = "12_ejercicio_interfaces_1", "12_ejercicio_interfaces_1\12_ejercicio_interfaces_1.csproj", "{1772B601-83E6-499F-B555-FF80D1E9A1DE}"
EndProject
Project("{FAE04EC0-301F-11D3-BF4B-00C04F79EFBC}") = "13_ejercicio_interfaces_2", "13_ejercicio_interfaces_2\13_ejercicio_interfaces_2.csproj", "{AF1CE93E-2B1D-4CAA-9924-75F24E574048}"
EndProject
Project("{FAE04EC0-301F-11D3-BF4B-00C04F79EFBC}") = "14_ejercicio_interfaces_3", "14_ejercicio_interfaces_3\14_ejercicio_interfaces_3.csproj", "{6A18B873-1024-4044-90BE-8689D5F3F692}"
EndProject
Project("{FAE04EC0-301F-11D3-BF4B-00C04F79EFBC}") = "15_ejercicio_interfaces_4", "15_ejercicio_interfaces_3\15_ejercicio_interfaces_4.csproj", "{DF2B8EF0-6E31-491A-AF58-BC08233C5755}"
EndProject
Project("{FAE04EC0-301F-11D3-BF4B-00C04F79EFBC}") = "16_ejercicio_extra", "16_ejercicio_extra\16_ejercicio_extra.csproj", "{EA5999D8-580D-4D85-AE5D-C136DD5418BD}"
EndProject
Project("{FAE04EC0-301F-11D3-BF4B-00C04F79EFBC}") = "17_cadenas_texto", "17_cadenas_texto\17_cadenas_texto.csproj", "{DB9CD162-17E2-4275-A8FB-9BEBECB063B7}"
EndProject
Project("{FAE04EC0-301F-11D3-BF4B-00C04F79EFBC}") = "18_lists", "18_lists\18_lists.csproj", "{4CD6F48E-B109-45DB-8BBB-850F26D168C1}"
EndProject
Project("{FAE04EC0-301F-11D3-BF4B-00C04F79EFBC}") = "19_ejercicio_listas_1", "19_ejercicio_listas_1\19_ejercicio_listas_1.csproj", "{A9B53079-1B6E-4C19-B66F-2DF2B14C7DA9}"
EndProject
Project("{FAE04EC0-301F-11D3-BF4B-00C04F79EFBC}") = "20-lista_objeto_complejo", "20-lista_objeto_complejo\20-lista_objeto_complejo.csproj", "{A7C5C761-5CDA-490D-830B-9FF0344F8DBA}"
EndProject
Project("{FAE04EC0-301F-11D3-BF4B-00C04F79EFBC}") = "21_ejercicio_listas_complejas", "21_ejercicio_listas_complejas\21_ejercicio_listas_complejas.csproj", "{5704D9A6-12BD-40F4-AD43-3EA8F90AB8E0}"
EndProject
Project("{FAE04EC0-301F-11D3-BF4B-00C04F79EFBC}") = "22_ejercicio_listas_extra", "22_ejercicio_listas_extra\22_ejercicio_listas_extra.csproj", "{3FC22BAD-D37E-425B-AF5B-00F743FC69E9}"
EndProject
Project("{FAE04EC0-301F-11D3-BF4B-00C04F79EFBC}") = "24_ejemplo_LinQ", "24_ejemplo_LinQ\24_ejemplo_LinQ.csproj", "{3036753F-0D3E-4D4B-B2B1-196324B52C85}"
EndProject
Project("{FAE04EC0-301F-11D3-BF4B-00C04F79EFBC}") = "25_EjercicioLinqLibros", "27_EjercicioLinqLibros\25_EjercicioLinqLibros.csproj", "{A741CDA4-0EE0-46E7-ADE2-B4AE22A26BE0}"
EndProject
Project("{FAE04EC0-301F-11D3-BF4B-00C04F79EFBC}") = "26_EjercicioCompletoLinq", "27_EjercicioCompletoLinq\26_EjercicioCompletoLinq.csproj", "{C2090A76-811E-4668-97E4-2707233CDB6C}"
EndProject
Project("{FAE04EC0-301F-11D3-BF4B-00C04F79EFBC}") = "EjercicioCompletoLinq", "EjercicioCompletoLinq\EjercicioCompletoLinq.csproj", "{6A55020A-7FA8-4914-89F2-5548D48C04F2}"
EndProject
Project("{FAE04EC0-301F-11D3-BF4B-00C04F79EFBC}") = "27_EjercicioLinqVentas", "INSERCCIONES_EjercicioLinqVentas\27_EjercicioLinqVentas.csproj", "{035DCD3B-622E-4E0C-A48C-0C763F9FC585}"
EndProject
Project("{FAE04EC0-301F-11D3-BF4B-00C04F79EFBC}") = "28_EjercicioAccesoDatos", "28_EjercicioAccesoDatos\28_EjercicioAccesoDatos.csproj", "{5A23E4D0-329D-49A4-A2DA-2AF4637E3001}"
EndProject
Project("{FAE04EC0-301F-11D3-BF4B-00C04F79EFBC}") = "666_EjercicioLinqCompleto_BBDD", "EjercicioLinqCompleto BDD\666_EjercicioLinqCompleto_BBDD.csproj", "{CC2C94EA-3032-4BF9-9D43-6E8A6D86F452}"
EndProject
Global
	GlobalSection(SolutionConfigurationPlatforms) = preSolution
		Debug|Any CPU = Debug|Any CPU
		Release|Any CPU = Release|Any CPU
	EndGlobalSection
	GlobalSection(ProjectConfigurationPlatforms) = postSolution
		{7339FD3B-E518-4F85-956A-F0EEC22A1B64}.Debug|Any CPU.ActiveCfg = Debug|Any CPU
		{7339FD3B-E518-4F85-956A-F0EEC22A1B64}.Debug|Any CPU.Build.0 = Debug|Any CPU
		{7339FD3B-E518-4F85-956A-F0EEC22A1B64}.Release|Any CPU.ActiveCfg = Release|Any CPU
		{7339FD3B-E518-4F85-956A-F0EEC22A1B64}.Release|Any CPU.Build.0 = Release|Any CPU
		{18A84969-4C38-4AAD-8111-74926A5D87A7}.Debug|Any CPU.ActiveCfg = Debug|Any CPU
		{18A84969-4C38-4AAD-8111-74926A5D87A7}.Debug|Any CPU.Build.0 = Debug|Any CPU
		{18A84969-4C38-4AAD-8111-74926A5D87A7}.Release|Any CPU.ActiveCfg = Release|Any CPU
		{18A84969-4C38-4AAD-8111-74926A5D87A7}.Release|Any CPU.Build.0 = Release|Any CPU
		{769187C0-9EF2-47A1-ACE1-9A900BAC972F}.Debug|Any CPU.ActiveCfg = Debug|Any CPU
		{769187C0-9EF2-47A1-ACE1-9A900BAC972F}.Debug|Any CPU.Build.0 = Debug|Any CPU
		{769187C0-9EF2-47A1-ACE1-9A900BAC972F}.Release|Any CPU.ActiveCfg = Release|Any CPU
		{769187C0-9EF2-47A1-ACE1-9A900BAC972F}.Release|Any CPU.Build.0 = Release|Any CPU
		{BC376386-B51B-4662-BA98-8295680BF740}.Debug|Any CPU.ActiveCfg = Debug|Any CPU
		{BC376386-B51B-4662-BA98-8295680BF740}.Debug|Any CPU.Build.0 = Debug|Any CPU
		{BC376386-B51B-4662-BA98-8295680BF740}.Release|Any CPU.ActiveCfg = Release|Any CPU
		{BC376386-B51B-4662-BA98-8295680BF740}.Release|Any CPU.Build.0 = Release|Any CPU
		{03D2F9E3-FF85-461F-9BF0-2FB9FEEB0B1C}.Debug|Any CPU.ActiveCfg = Debug|Any CPU
		{03D2F9E3-FF85-461F-9BF0-2FB9FEEB0B1C}.Debug|Any CPU.Build.0 = Debug|Any CPU
		{03D2F9E3-FF85-461F-9BF0-2FB9FEEB0B1C}.Release|Any CPU.ActiveCfg = Release|Any CPU
		{03D2F9E3-FF85-461F-9BF0-2FB9FEEB0B1C}.Release|Any CPU.Build.0 = Release|Any CPU
		{2DD493F9-C421-403B-A459-924E53EF82BC}.Debug|Any CPU.ActiveCfg = Debug|Any CPU
		{2DD493F9-C421-403B-A459-924E53EF82BC}.Debug|Any CPU.Build.0 = Debug|Any CPU
		{2DD493F9-C421-403B-A459-924E53EF82BC}.Release|Any CPU.ActiveCfg = Release|Any CPU
		{2DD493F9-C421-403B-A459-924E53EF82BC}.Release|Any CPU.Build.0 = Release|Any CPU
		{242B3071-42D3-45C1-8A55-411BDE49C4EA}.Debug|Any CPU.ActiveCfg = Debug|Any CPU
		{242B3071-42D3-45C1-8A55-411BDE49C4EA}.Debug|Any CPU.Build.0 = Debug|Any CPU
		{242B3071-42D3-45C1-8A55-411BDE49C4EA}.Release|Any CPU.ActiveCfg = Release|Any CPU
		{242B3071-42D3-45C1-8A55-411BDE49C4EA}.Release|Any CPU.Build.0 = Release|Any CPU
		{58518B5B-6659-456B-8C8C-03ECE58DBECD}.Debug|Any CPU.ActiveCfg = Debug|Any CPU
		{58518B5B-6659-456B-8C8C-03ECE58DBECD}.Debug|Any CPU.Build.0 = Debug|Any CPU
		{58518B5B-6659-456B-8C8C-03ECE58DBECD}.Release|Any CPU.ActiveCfg = Release|Any CPU
		{58518B5B-6659-456B-8C8C-03ECE58DBECD}.Release|Any CPU.Build.0 = Release|Any CPU
		{68BBA6A8-D93D-454C-9FE1-2683FBED6706}.Debug|Any CPU.ActiveCfg = Debug|Any CPU
		{68BBA6A8-D93D-454C-9FE1-2683FBED6706}.Debug|Any CPU.Build.0 = Debug|Any CPU
		{68BBA6A8-D93D-454C-9FE1-2683FBED6706}.Release|Any CPU.ActiveCfg = Release|Any CPU
		{68BBA6A8-D93D-454C-9FE1-2683FBED6706}.Release|Any CPU.Build.0 = Release|Any CPU
		{0D0C845A-FF78-492A-BE4D-43EF07BDE349}.Debug|Any CPU.ActiveCfg = Debug|Any CPU
		{0D0C845A-FF78-492A-BE4D-43EF07BDE349}.Debug|Any CPU.Build.0 = Debug|Any CPU
		{0D0C845A-FF78-492A-BE4D-43EF07BDE349}.Release|Any CPU.ActiveCfg = Release|Any CPU
		{0D0C845A-FF78-492A-BE4D-43EF07BDE349}.Release|Any CPU.Build.0 = Release|Any CPU
		{1772B601-83E6-499F-B555-FF80D1E9A1DE}.Debug|Any CPU.ActiveCfg = Debug|Any CPU
		{1772B601-83E6-499F-B555-FF80D1E9A1DE}.Debug|Any CPU.Build.0 = Debug|Any CPU
		{1772B601-83E6-499F-B555-FF80D1E9A1DE}.Release|Any CPU.ActiveCfg = Release|Any CPU
		{1772B601-83E6-499F-B555-FF80D1E9A1DE}.Release|Any CPU.Build.0 = Release|Any CPU
		{AF1CE93E-2B1D-4CAA-9924-75F24E574048}.Debug|Any CPU.ActiveCfg = Debug|Any CPU
		{AF1CE93E-2B1D-4CAA-9924-75F24E574048}.Debug|Any CPU.Build.0 = Debug|Any CPU
		{AF1CE93E-2B1D-4CAA-9924-75F24E574048}.Release|Any CPU.ActiveCfg = Release|Any CPU
		{AF1CE93E-2B1D-4CAA-9924-75F24E574048}.Release|Any CPU.Build.0 = Release|Any CPU
		{6A18B873-1024-4044-90BE-8689D5F3F692}.Debug|Any CPU.ActiveCfg = Debug|Any CPU
		{6A18B873-1024-4044-90BE-8689D5F3F692}.Debug|Any CPU.Build.0 = Debug|Any CPU
		{6A18B873-1024-4044-90BE-8689D5F3F692}.Release|Any CPU.ActiveCfg = Release|Any CPU
		{6A18B873-1024-4044-90BE-8689D5F3F692}.Release|Any CPU.Build.0 = Release|Any CPU
		{DF2B8EF0-6E31-491A-AF58-BC08233C5755}.Debug|Any CPU.ActiveCfg = Debug|Any CPU
		{DF2B8EF0-6E31-491A-AF58-BC08233C5755}.Debug|Any CPU.Build.0 = Debug|Any CPU
		{DF2B8EF0-6E31-491A-AF58-BC08233C5755}.Release|Any CPU.ActiveCfg = Release|Any CPU
		{DF2B8EF0-6E31-491A-AF58-BC08233C5755}.Release|Any CPU.Build.0 = Release|Any CPU
		{EA5999D8-580D-4D85-AE5D-C136DD5418BD}.Debug|Any CPU.ActiveCfg = Debug|Any CPU
		{EA5999D8-580D-4D85-AE5D-C136DD5418BD}.Debug|Any CPU.Build.0 = Debug|Any CPU
		{EA5999D8-580D-4D85-AE5D-C136DD5418BD}.Release|Any CPU.ActiveCfg = Release|Any CPU
		{EA5999D8-580D-4D85-AE5D-C136DD5418BD}.Release|Any CPU.Build.0 = Release|Any CPU
		{DB9CD162-17E2-4275-A8FB-9BEBECB063B7}.Debug|Any CPU.ActiveCfg = Debug|Any CPU
		{DB9CD162-17E2-4275-A8FB-9BEBECB063B7}.Debug|Any CPU.Build.0 = Debug|Any CPU
		{DB9CD162-17E2-4275-A8FB-9BEBECB063B7}.Release|Any CPU.ActiveCfg = Release|Any CPU
		{DB9CD162-17E2-4275-A8FB-9BEBECB063B7}.Release|Any CPU.Build.0 = Release|Any CPU
		{4CD6F48E-B109-45DB-8BBB-850F26D168C1}.Debug|Any CPU.ActiveCfg = Debug|Any CPU
		{4CD6F48E-B109-45DB-8BBB-850F26D168C1}.Debug|Any CPU.Build.0 = Debug|Any CPU
		{4CD6F48E-B109-45DB-8BBB-850F26D168C1}.Release|Any CPU.ActiveCfg = Release|Any CPU
		{4CD6F48E-B109-45DB-8BBB-850F26D168C1}.Release|Any CPU.Build.0 = Release|Any CPU
		{A9B53079-1B6E-4C19-B66F-2DF2B14C7DA9}.Debug|Any CPU.ActiveCfg = Debug|Any CPU
		{A9B53079-1B6E-4C19-B66F-2DF2B14C7DA9}.Debug|Any CPU.Build.0 = Debug|Any CPU
		{A9B53079-1B6E-4C19-B66F-2DF2B14C7DA9}.Release|Any CPU.ActiveCfg = Release|Any CPU
		{A9B53079-1B6E-4C19-B66F-2DF2B14C7DA9}.Release|Any CPU.Build.0 = Release|Any CPU
		{A7C5C761-5CDA-490D-830B-9FF0344F8DBA}.Debug|Any CPU.ActiveCfg = Debug|Any CPU
		{A7C5C761-5CDA-490D-830B-9FF0344F8DBA}.Debug|Any CPU.Build.0 = Debug|Any CPU
		{A7C5C761-5CDA-490D-830B-9FF0344F8DBA}.Release|Any CPU.ActiveCfg = Release|Any CPU
		{A7C5C761-5CDA-490D-830B-9FF0344F8DBA}.Release|Any CPU.Build.0 = Release|Any CPU
		{5704D9A6-12BD-40F4-AD43-3EA8F90AB8E0}.Debug|Any CPU.ActiveCfg = Debug|Any CPU
		{5704D9A6-12BD-40F4-AD43-3EA8F90AB8E0}.Debug|Any CPU.Build.0 = Debug|Any CPU
		{5704D9A6-12BD-40F4-AD43-3EA8F90AB8E0}.Release|Any CPU.ActiveCfg = Release|Any CPU
		{5704D9A6-12BD-40F4-AD43-3EA8F90AB8E0}.Release|Any CPU.Build.0 = Release|Any CPU
		{3FC22BAD-D37E-425B-AF5B-00F743FC69E9}.Debug|Any CPU.ActiveCfg = Debug|Any CPU
		{3FC22BAD-D37E-425B-AF5B-00F743FC69E9}.Debug|Any CPU.Build.0 = Debug|Any CPU
		{3FC22BAD-D37E-425B-AF5B-00F743FC69E9}.Release|Any CPU.ActiveCfg = Release|Any CPU
		{3FC22BAD-D37E-425B-AF5B-00F743FC69E9}.Release|Any CPU.Build.0 = Release|Any CPU
		{3036753F-0D3E-4D4B-B2B1-196324B52C85}.Debug|Any CPU.ActiveCfg = Debug|Any CPU
		{3036753F-0D3E-4D4B-B2B1-196324B52C85}.Debug|Any CPU.Build.0 = Debug|Any CPU
		{3036753F-0D3E-4D4B-B2B1-196324B52C85}.Release|Any CPU.ActiveCfg = Release|Any CPU
		{3036753F-0D3E-4D4B-B2B1-196324B52C85}.Release|Any CPU.Build.0 = Release|Any CPU
		{A741CDA4-0EE0-46E7-ADE2-B4AE22A26BE0}.Debug|Any CPU.ActiveCfg = Debug|Any CPU
		{A741CDA4-0EE0-46E7-ADE2-B4AE22A26BE0}.Debug|Any CPU.Build.0 = Debug|Any CPU
		{A741CDA4-0EE0-46E7-ADE2-B4AE22A26BE0}.Release|Any CPU.ActiveCfg = Release|Any CPU
		{A741CDA4-0EE0-46E7-ADE2-B4AE22A26BE0}.Release|Any CPU.Build.0 = Release|Any CPU
		{C2090A76-811E-4668-97E4-2707233CDB6C}.Debug|Any CPU.ActiveCfg = Debug|Any CPU
		{C2090A76-811E-4668-97E4-2707233CDB6C}.Debug|Any CPU.Build.0 = Debug|Any CPU
		{C2090A76-811E-4668-97E4-2707233CDB6C}.Release|Any CPU.ActiveCfg = Release|Any CPU
		{C2090A76-811E-4668-97E4-2707233CDB6C}.Release|Any CPU.Build.0 = Release|Any CPU
		{6A55020A-7FA8-4914-89F2-5548D48C04F2}.Debug|Any CPU.ActiveCfg = Debug|Any CPU
		{6A55020A-7FA8-4914-89F2-5548D48C04F2}.Debug|Any CPU.Build.0 = Debug|Any CPU
		{6A55020A-7FA8-4914-89F2-5548D48C04F2}.Release|Any CPU.ActiveCfg = Release|Any CPU
		{6A55020A-7FA8-4914-89F2-5548D48C04F2}.Release|Any CPU.Build.0 = Release|Any CPU
		{035DCD3B-622E-4E0C-A48C-0C763F9FC585}.Debug|Any CPU.ActiveCfg = Debug|Any CPU
		{035DCD3B-622E-4E0C-A48C-0C763F9FC585}.Debug|Any CPU.Build.0 = Debug|Any CPU
		{035DCD3B-622E-4E0C-A48C-0C763F9FC585}.Release|Any CPU.ActiveCfg = Release|Any CPU
		{035DCD3B-622E-4E0C-A48C-0C763F9FC585}.Release|Any CPU.Build.0 = Release|Any CPU
		{5A23E4D0-329D-49A4-A2DA-2AF4637E3001}.Debug|Any CPU.ActiveCfg = Debug|Any CPU
		{5A23E4D0-329D-49A4-A2DA-2AF4637E3001}.Debug|Any CPU.Build.0 = Debug|Any CPU
		{5A23E4D0-329D-49A4-A2DA-2AF4637E3001}.Release|Any CPU.ActiveCfg = Release|Any CPU
		{5A23E4D0-329D-49A4-A2DA-2AF4637E3001}.Release|Any CPU.Build.0 = Release|Any CPU
		{CC2C94EA-3032-4BF9-9D43-6E8A6D86F452}.Debug|Any CPU.ActiveCfg = Debug|Any CPU
		{CC2C94EA-3032-4BF9-9D43-6E8A6D86F452}.Debug|Any CPU.Build.0 = Debug|Any CPU
		{CC2C94EA-3032-4BF9-9D43-6E8A6D86F452}.Release|Any CPU.ActiveCfg = Release|Any CPU
		{CC2C94EA-3032-4BF9-9D43-6E8A6D86F452}.Release|Any CPU.Build.0 = Release|Any CPU
	EndGlobalSection
	GlobalSection(SolutionProperties) = preSolution
		HideSolutionNode = FALSE
	EndGlobalSection
	GlobalSection(ExtensibilityGlobals) = postSolution
		SolutionGuid = {AE8F4029-A0F8-49CF-852B-ACA12B5E8D1D}
	EndGlobalSection
EndGlobal
